
Microsoft Visual Studio Solution File, Format Version 12.00
# Visual Studio Version 17
VisualStudioVersion = 17.14.36310.24
MinimumVisualStudioVersion = 10.0.40219.1
Project("{FAE04EC0-301F-11D3-BF4B-00C04F79EFBC}") = "WebApp", "WebApp\WebApp.csproj", "{3215F6CF-A442-1C21-6AD3-94ED23F4EBA5}"
EndProject
Project("{FAE04EC0-301F-11D3-BF4B-00C04F79EFBC}") = "OptionsLocalization", "OptionsLocalization\OptionsLocalization.csproj", "{A76A4DF7-BB20-D9C5-D3F9-528E314248A0}"
EndProject
Global
	GlobalSection(SolutionConfigurationPlatforms) = preSolution
		Debug|Any CPU = Debug|Any CPU
		Release|Any CPU = Release|Any CPU
	EndGlobalSection
	GlobalSection(ProjectConfigurationPlatforms) = postSolution
		{3215F6CF-A442-1C21-6AD3-94ED23F4EBA5}.Debug|Any CPU.ActiveCfg = Debug|Any CPU
		{3215F6CF-A442-1C21-6AD3-94ED23F4EBA5}.Debug|Any CPU.Build.0 = Debug|Any CPU
		{3215F6CF-A442-1C21-6AD3-94ED23F4EBA5}.Release|Any CPU.ActiveCfg = Release|Any CPU
		{3215F6CF-A442-1C21-6AD3-94ED23F4EBA5}.Release|Any CPU.Build.0 = Release|Any CPU
		{A76A4DF7-BB20-D9C5-D3F9-528E314248A0}.Debug|Any CPU.ActiveCfg = Debug|Any CPU
		{A76A4DF7-BB20-D9C5-D3F9-528E314248A0}.Debug|Any CPU.Build.0 = Debug|Any CPU
		{A76A4DF7-BB20-D9C5-D3F9-528E314248A0}.Release|Any CPU.ActiveCfg = Release|Any CPU
		{A76A4DF7-BB20-D9C5-D3F9-528E314248A0}.Release|Any CPU.Build.0 = Release|Any CPU
	EndGlobalSection
	GlobalSection(SolutionProperties) = preSolution
		HideSolutionNode = FALSE
	EndGlobalSection
	GlobalSection(ExtensibilityGlobals) = postSolution
		SolutionGuid = {B2B07F1D-FEB4-450B-A22B-28249FDC4D63}
	EndGlobalSection
EndGlobal
